// !$*UTF8*$!
{
	archiveVersion = 1;
	classes = {
	};
	objectVersion = 46;
	objects = {

/* Begin PBXBuildFile section */
		3D204C0DFB672E866F43BF7B /* Pods_JSchemaFormExample.framework in Frameworks */ = {isa = PBXBuildFile; fileRef = E07D550D5CF999EB78D8E97B /* Pods_JSchemaFormExample.framework */; };
		F500E9B31C2CAB48002CCC2D /* JSchemaFormViewController.swift in Sources */ = {isa = PBXBuildFile; fileRef = F500E9B21C2CAB48002CCC2D /* JSchemaFormViewController.swift */; };
		F505A5831C03DE2300D6D753 /* Basic.schema.json in Resources */ = {isa = PBXBuildFile; fileRef = F505A5821C03DE2300D6D753 /* Basic.schema.json */; };
		F52521B51BFAE88D00A2727B /* AppDelegate.swift in Sources */ = {isa = PBXBuildFile; fileRef = F52521B41BFAE88D00A2727B /* AppDelegate.swift */; };
		F52521BC1BFAE88D00A2727B /* Assets.xcassets in Resources */ = {isa = PBXBuildFile; fileRef = F52521BB1BFAE88D00A2727B /* Assets.xcassets */; };
		F52521BF1BFAE88D00A2727B /* LaunchScreen.storyboard in Resources */ = {isa = PBXBuildFile; fileRef = F52521BD1BFAE88D00A2727B /* LaunchScreen.storyboard */; };
		F52521CA1BFAE88D00A2727B /* ExampleTests.swift in Sources */ = {isa = PBXBuildFile; fileRef = F52521C91BFAE88D00A2727B /* ExampleTests.swift */; };
		F52521D51BFAE88D00A2727B /* ExampleUITests.swift in Sources */ = {isa = PBXBuildFile; fileRef = F52521D41BFAE88D00A2727B /* ExampleUITests.swift */; };
		F52578831C10B7FD0012FFD1 /* Constants.swift in Sources */ = {isa = PBXBuildFile; fileRef = F525787C1C10B7FD0012FFD1 /* Constants.swift */; };
		F52578841C10B7FD0012FFD1 /* Field.swift in Sources */ = {isa = PBXBuildFile; fileRef = F525787D1C10B7FD0012FFD1 /* Field.swift */; };
		F52578851C10B7FD0012FFD1 /* FormBuilder.swift in Sources */ = {isa = PBXBuildFile; fileRef = F525787E1C10B7FD0012FFD1 /* FormBuilder.swift */; };
		F52578861C10B7FD0012FFD1 /* JForm.swift in Sources */ = {isa = PBXBuildFile; fileRef = F525787F1C10B7FD0012FFD1 /* JForm.swift */; };
		F52578871C10B7FD0012FFD1 /* JSchema.swift in Sources */ = {isa = PBXBuildFile; fileRef = F52578801C10B7FD0012FFD1 /* JSchema.swift */; };
		F52578881C10B7FD0012FFD1 /* JScope.swift in Sources */ = {isa = PBXBuildFile; fileRef = F52578811C10B7FD0012FFD1 /* JScope.swift */; };
		F52578891C10B7FD0012FFD1 /* JsonHelper.swift in Sources */ = {isa = PBXBuildFile; fileRef = F52578821C10B7FD0012FFD1 /* JsonHelper.swift */; };
		F53BC7871C2747A80053130B /* KitchenSink.form.json in Resources */ = {isa = PBXBuildFile; fileRef = F53BC7861C2747A80053130B /* KitchenSink.form.json */; };
		F5414F361C94CAB400DB4557 /* FormResult.swift in Sources */ = {isa = PBXBuildFile; fileRef = F5414F351C94CAB400DB4557 /* FormResult.swift */; };
		F54272E91C2F7506004CE3EB /* FormBuilderError.swift in Sources */ = {isa = PBXBuildFile; fileRef = F54272E81C2F7506004CE3EB /* FormBuilderError.swift */; };
		F55116D01C05053C00A8810C /* Simple.form.json in Resources */ = {isa = PBXBuildFile; fileRef = F55116CF1C05053C00A8810C /* Simple.form.json */; };
		F55116D21C050DD300A8810C /* KitchenSink.schema.json in Resources */ = {isa = PBXBuildFile; fileRef = F55116D11C050DD300A8810C /* KitchenSink.schema.json */; };
		F55116D41C050E0400A8810C /* All.form.json in Resources */ = {isa = PBXBuildFile; fileRef = F55116D31C050E0400A8810C /* All.form.json */; };
		F5BB497E1D1A2DEA0046CF18 /* CustomCells.swift in Sources */ = {isa = PBXBuildFile; fileRef = F5BB497D1D1A2DEA0046CF18 /* CustomCells.swift */; };
		F5BE06B61C111601009EBF0F /* Types.schema.json in Resources */ = {isa = PBXBuildFile; fileRef = F5BE06B51C111601009EBF0F /* Types.schema.json */; };
		F5D143D51BFEB5E500F44656 /* Main.storyboard in Resources */ = {isa = PBXBuildFile; fileRef = F5D143D01BFEB5E500F44656 /* Main.storyboard */; };
		F5D143D61BFEB5E500F44656 /* ViewController.swift in Sources */ = {isa = PBXBuildFile; fileRef = F5D143D11BFEB5E500F44656 /* ViewController.swift */; };
		F5D143D81BFEB5E500F44656 /* FloatLabelTextField.swift in Sources */ = {isa = PBXBuildFile; fileRef = F5D143D41BFEB5E500F44656 /* FloatLabelTextField.swift */; };
		F5D143DA1BFEBEBA00F44656 /* ResourceFormViewController.swift in Sources */ = {isa = PBXBuildFile; fileRef = F5D143D91BFEBEBA00F44656 /* ResourceFormViewController.swift */; };
		F5D143E11BFEC84800F44656 /* Simple.schema.json in Resources */ = {isa = PBXBuildFile; fileRef = F5D143E01BFEC84800F44656 /* Simple.schema.json */; };
		F5E772221C225A430084D6E6 /* Task.scope.json in Resources */ = {isa = PBXBuildFile; fileRef = F5E772211C225A420084D6E6 /* Task.scope.json */; };
		F5E9A8CA1C2F3CC8003328E3 /* ReferenceExpander.swift in Sources */ = {isa = PBXBuildFile; fileRef = F5E9A8C91C2F3CC8003328E3 /* ReferenceExpander.swift */; };
/* End PBXBuildFile section */

/* Begin PBXContainerItemProxy section */
		F52521C61BFAE88D00A2727B /* PBXContainerItemProxy */ = {
			isa = PBXContainerItemProxy;
			containerPortal = F52521A91BFAE88D00A2727B /* Project object */;
			proxyType = 1;
			remoteGlobalIDString = F52521B01BFAE88D00A2727B;
			remoteInfo = Example;
		};
		F52521D11BFAE88D00A2727B /* PBXContainerItemProxy */ = {
			isa = PBXContainerItemProxy;
			containerPortal = F52521A91BFAE88D00A2727B /* Project object */;
			proxyType = 1;
			remoteGlobalIDString = F52521B01BFAE88D00A2727B;
			remoteInfo = Example;
		};
/* End PBXContainerItemProxy section */

/* Begin PBXFileReference section */
		276A76F1FCC17828EEB72496 /* Pods-JSchemaFormExample.debug.xcconfig */ = {isa = PBXFileReference; includeInIndex = 1; lastKnownFileType = text.xcconfig; name = "Pods-JSchemaFormExample.debug.xcconfig"; path = "Pods/Target Support Files/Pods-JSchemaFormExample/Pods-JSchemaFormExample.debug.xcconfig"; sourceTree = "<group>"; };
		625A181A741ED2343D9C1918 /* Pods-JSchemaFormExample.release.xcconfig */ = {isa = PBXFileReference; includeInIndex = 1; lastKnownFileType = text.xcconfig; name = "Pods-JSchemaFormExample.release.xcconfig"; path = "Pods/Target Support Files/Pods-JSchemaFormExample/Pods-JSchemaFormExample.release.xcconfig"; sourceTree = "<group>"; };
		E07D550D5CF999EB78D8E97B /* Pods_JSchemaFormExample.framework */ = {isa = PBXFileReference; explicitFileType = wrapper.framework; includeInIndex = 0; path = Pods_JSchemaFormExample.framework; sourceTree = BUILT_PRODUCTS_DIR; };
		F500E9B21C2CAB48002CCC2D /* JSchemaFormViewController.swift */ = {isa = PBXFileReference; fileEncoding = 4; lastKnownFileType = sourcecode.swift; path = JSchemaFormViewController.swift; sourceTree = "<group>"; };
		F505A5821C03DE2300D6D753 /* Basic.schema.json */ = {isa = PBXFileReference; fileEncoding = 4; lastKnownFileType = text.json; path = Basic.schema.json; sourceTree = "<group>"; };
		F52521B11BFAE88D00A2727B /* JSchemaFormExample.app */ = {isa = PBXFileReference; explicitFileType = wrapper.application; includeInIndex = 0; path = JSchemaFormExample.app; sourceTree = BUILT_PRODUCTS_DIR; };
		F52521B41BFAE88D00A2727B /* AppDelegate.swift */ = {isa = PBXFileReference; lastKnownFileType = sourcecode.swift; path = AppDelegate.swift; sourceTree = "<group>"; };
		F52521BB1BFAE88D00A2727B /* Assets.xcassets */ = {isa = PBXFileReference; lastKnownFileType = folder.assetcatalog; path = Assets.xcassets; sourceTree = "<group>"; };
		F52521BE1BFAE88D00A2727B /* Base */ = {isa = PBXFileReference; lastKnownFileType = file.storyboard; name = Base; path = Base.lproj/LaunchScreen.storyboard; sourceTree = "<group>"; };
		F52521C01BFAE88D00A2727B /* Info.plist */ = {isa = PBXFileReference; lastKnownFileType = text.plist.xml; path = Info.plist; sourceTree = "<group>"; };
		F52521C51BFAE88D00A2727B /* ExampleTests.xctest */ = {isa = PBXFileReference; explicitFileType = wrapper.cfbundle; includeInIndex = 0; path = ExampleTests.xctest; sourceTree = BUILT_PRODUCTS_DIR; };
		F52521C91BFAE88D00A2727B /* ExampleTests.swift */ = {isa = PBXFileReference; lastKnownFileType = sourcecode.swift; path = ExampleTests.swift; sourceTree = "<group>"; };
		F52521CB1BFAE88D00A2727B /* Info.plist */ = {isa = PBXFileReference; lastKnownFileType = text.plist.xml; path = Info.plist; sourceTree = "<group>"; };
		F52521D01BFAE88D00A2727B /* ExampleUITests.xctest */ = {isa = PBXFileReference; explicitFileType = wrapper.cfbundle; includeInIndex = 0; path = ExampleUITests.xctest; sourceTree = BUILT_PRODUCTS_DIR; };
		F52521D41BFAE88D00A2727B /* ExampleUITests.swift */ = {isa = PBXFileReference; lastKnownFileType = sourcecode.swift; path = ExampleUITests.swift; sourceTree = "<group>"; };
		F52521D61BFAE88D00A2727B /* Info.plist */ = {isa = PBXFileReference; lastKnownFileType = text.plist.xml; path = Info.plist; sourceTree = "<group>"; };
		F525787C1C10B7FD0012FFD1 /* Constants.swift */ = {isa = PBXFileReference; fileEncoding = 4; lastKnownFileType = sourcecode.swift; path = Constants.swift; sourceTree = "<group>"; };
		F525787D1C10B7FD0012FFD1 /* Field.swift */ = {isa = PBXFileReference; fileEncoding = 4; lastKnownFileType = sourcecode.swift; path = Field.swift; sourceTree = "<group>"; };
		F525787E1C10B7FD0012FFD1 /* FormBuilder.swift */ = {isa = PBXFileReference; fileEncoding = 4; lastKnownFileType = sourcecode.swift; path = FormBuilder.swift; sourceTree = "<group>"; };
		F525787F1C10B7FD0012FFD1 /* JForm.swift */ = {isa = PBXFileReference; fileEncoding = 4; lastKnownFileType = sourcecode.swift; path = JForm.swift; sourceTree = "<group>"; };
		F52578801C10B7FD0012FFD1 /* JSchema.swift */ = {isa = PBXFileReference; fileEncoding = 4; lastKnownFileType = sourcecode.swift; path = JSchema.swift; sourceTree = "<group>"; };
		F52578811C10B7FD0012FFD1 /* JScope.swift */ = {isa = PBXFileReference; fileEncoding = 4; lastKnownFileType = sourcecode.swift; path = JScope.swift; sourceTree = "<group>"; };
		F52578821C10B7FD0012FFD1 /* JsonHelper.swift */ = {isa = PBXFileReference; fileEncoding = 4; lastKnownFileType = sourcecode.swift; path = JsonHelper.swift; sourceTree = "<group>"; };
		F53BC7861C2747A80053130B /* KitchenSink.form.json */ = {isa = PBXFileReference; fileEncoding = 4; lastKnownFileType = text.json; path = KitchenSink.form.json; sourceTree = "<group>"; };
		F5414F351C94CAB400DB4557 /* FormResult.swift */ = {isa = PBXFileReference; fileEncoding = 4; lastKnownFileType = sourcecode.swift; path = FormResult.swift; sourceTree = "<group>"; };
		F54272E81C2F7506004CE3EB /* FormBuilderError.swift */ = {isa = PBXFileReference; fileEncoding = 4; lastKnownFileType = sourcecode.swift; path = FormBuilderError.swift; sourceTree = "<group>"; };
		F55116CF1C05053C00A8810C /* Simple.form.json */ = {isa = PBXFileReference; fileEncoding = 4; lastKnownFileType = text.json; path = Simple.form.json; sourceTree = "<group>"; };
		F55116D11C050DD300A8810C /* KitchenSink.schema.json */ = {isa = PBXFileReference; fileEncoding = 4; lastKnownFileType = text.json; path = KitchenSink.schema.json; sourceTree = "<group>"; };
		F55116D31C050E0400A8810C /* All.form.json */ = {isa = PBXFileReference; fileEncoding = 4; lastKnownFileType = text.json; path = All.form.json; sourceTree = "<group>"; };
		F5BB497D1D1A2DEA0046CF18 /* CustomCells.swift */ = {isa = PBXFileReference; fileEncoding = 4; lastKnownFileType = sourcecode.swift; path = CustomCells.swift; sourceTree = "<group>"; };
		F5BE06B51C111601009EBF0F /* Types.schema.json */ = {isa = PBXFileReference; fileEncoding = 4; lastKnownFileType = text.json; path = Types.schema.json; sourceTree = "<group>"; };
		F5D143D01BFEB5E500F44656 /* Main.storyboard */ = {isa = PBXFileReference; fileEncoding = 4; lastKnownFileType = file.storyboard; path = Main.storyboard; sourceTree = "<group>"; };
		F5D143D11BFEB5E500F44656 /* ViewController.swift */ = {isa = PBXFileReference; fileEncoding = 4; lastKnownFileType = sourcecode.swift; path = ViewController.swift; sourceTree = "<group>"; };
		F5D143D41BFEB5E500F44656 /* FloatLabelTextField.swift */ = {isa = PBXFileReference; fileEncoding = 4; lastKnownFileType = sourcecode.swift; path = FloatLabelTextField.swift; sourceTree = "<group>"; };
		F5D143D91BFEBEBA00F44656 /* ResourceFormViewController.swift */ = {isa = PBXFileReference; fileEncoding = 4; lastKnownFileType = sourcecode.swift; path = ResourceFormViewController.swift; sourceTree = "<group>"; };
		F5D143E01BFEC84800F44656 /* Simple.schema.json */ = {isa = PBXFileReference; fileEncoding = 4; lastKnownFileType = text.json; path = Simple.schema.json; sourceTree = "<group>"; };
		F5E772211C225A420084D6E6 /* Task.scope.json */ = {isa = PBXFileReference; fileEncoding = 4; lastKnownFileType = text.json; path = Task.scope.json; sourceTree = "<group>"; };
		F5E9A8C91C2F3CC8003328E3 /* ReferenceExpander.swift */ = {isa = PBXFileReference; fileEncoding = 4; lastKnownFileType = sourcecode.swift; path = ReferenceExpander.swift; sourceTree = "<group>"; };
/* End PBXFileReference section */

/* Begin PBXFrameworksBuildPhase section */
		F52521AE1BFAE88D00A2727B /* Frameworks */ = {
			isa = PBXFrameworksBuildPhase;
			buildActionMask = 2147483647;
			files = (
				3D204C0DFB672E866F43BF7B /* Pods_JSchemaFormExample.framework in Frameworks */,
			);
			runOnlyForDeploymentPostprocessing = 0;
		};
		F52521C21BFAE88D00A2727B /* Frameworks */ = {
			isa = PBXFrameworksBuildPhase;
			buildActionMask = 2147483647;
			files = (
			);
			runOnlyForDeploymentPostprocessing = 0;
		};
		F52521CD1BFAE88D00A2727B /* Frameworks */ = {
			isa = PBXFrameworksBuildPhase;
			buildActionMask = 2147483647;
			files = (
			);
			runOnlyForDeploymentPostprocessing = 0;
		};
/* End PBXFrameworksBuildPhase section */

/* Begin PBXGroup section */
		F177FEAF0592148A0FFCB014 /* Frameworks */ = {
			isa = PBXGroup;
			children = (
				E07D550D5CF999EB78D8E97B /* Pods_JSchemaFormExample.framework */,
			);
			name = Frameworks;
			sourceTree = "<group>";
		};
		F19B23A6A8D41E966487AEDE /* Pods */ = {
			isa = PBXGroup;
			children = (
				276A76F1FCC17828EEB72496 /* Pods-JSchemaFormExample.debug.xcconfig */,
				625A181A741ED2343D9C1918 /* Pods-JSchemaFormExample.release.xcconfig */,
			);
			name = Pods;
			sourceTree = "<group>";
		};
		F52521A81BFAE88D00A2727B = {
			isa = PBXGroup;
			children = (
				F52521B31BFAE88D00A2727B /* Example */,
				F52521C81BFAE88D00A2727B /* ExampleTests */,
				F52521D31BFAE88D00A2727B /* ExampleUITests */,
				F52521B21BFAE88D00A2727B /* Products */,
				F19B23A6A8D41E966487AEDE /* Pods */,
				F177FEAF0592148A0FFCB014 /* Frameworks */,
			);
			sourceTree = "<group>";
		};
		F52521B21BFAE88D00A2727B /* Products */ = {
			isa = PBXGroup;
			children = (
				F52521B11BFAE88D00A2727B /* JSchemaFormExample.app */,
				F52521C51BFAE88D00A2727B /* ExampleTests.xctest */,
				F52521D01BFAE88D00A2727B /* ExampleUITests.xctest */,
			);
			name = Products;
			sourceTree = "<group>";
		};
		F52521B31BFAE88D00A2727B /* Example */ = {
			isa = PBXGroup;
			children = (
				F525787B1C10B7FD0012FFD1 /* Source */,
				F5D143DF1BFEC84800F44656 /* Forms */,
				F5D143D01BFEB5E500F44656 /* Main.storyboard */,
				F5D143D11BFEB5E500F44656 /* ViewController.swift */,
				F5BB497D1D1A2DEA0046CF18 /* CustomCells.swift */,
				F5D143D31BFEB5E500F44656 /* Helpers */,
				F52521B41BFAE88D00A2727B /* AppDelegate.swift */,
				F52521BB1BFAE88D00A2727B /* Assets.xcassets */,
				F52521BD1BFAE88D00A2727B /* LaunchScreen.storyboard */,
				F52521C01BFAE88D00A2727B /* Info.plist */,
				F5D143D91BFEBEBA00F44656 /* ResourceFormViewController.swift */,
			);
			path = Example;
			sourceTree = "<group>";
		};
		F52521C81BFAE88D00A2727B /* ExampleTests */ = {
			isa = PBXGroup;
			children = (
				F52521C91BFAE88D00A2727B /* ExampleTests.swift */,
				F52521CB1BFAE88D00A2727B /* Info.plist */,
			);
			path = ExampleTests;
			sourceTree = "<group>";
		};
		F52521D31BFAE88D00A2727B /* ExampleUITests */ = {
			isa = PBXGroup;
			children = (
				F52521D41BFAE88D00A2727B /* ExampleUITests.swift */,
				F52521D61BFAE88D00A2727B /* Info.plist */,
			);
			path = ExampleUITests;
			sourceTree = "<group>";
		};
		F525787B1C10B7FD0012FFD1 /* Source */ = {
			isa = PBXGroup;
			children = (
				F500E9B21C2CAB48002CCC2D /* JSchemaFormViewController.swift */,
				F525787C1C10B7FD0012FFD1 /* Constants.swift */,
				F525787D1C10B7FD0012FFD1 /* Field.swift */,
				F525787E1C10B7FD0012FFD1 /* FormBuilder.swift */,
				F54272E81C2F7506004CE3EB /* FormBuilderError.swift */,
				F525787F1C10B7FD0012FFD1 /* JForm.swift */,
				F52578801C10B7FD0012FFD1 /* JSchema.swift */,
				F52578811C10B7FD0012FFD1 /* JScope.swift */,
				F5E9A8C91C2F3CC8003328E3 /* ReferenceExpander.swift */,
				F52578821C10B7FD0012FFD1 /* JsonHelper.swift */,
				F5414F351C94CAB400DB4557 /* FormResult.swift */,
			);
			name = Source;
			path = ../../Source;
			sourceTree = "<group>";
		};
		F5D143D31BFEB5E500F44656 /* Helpers */ = {
			isa = PBXGroup;
			children = (
				F5D143D41BFEB5E500F44656 /* FloatLabelTextField.swift */,
			);
			path = Helpers;
			sourceTree = "<group>";
		};
		F5D143DF1BFEC84800F44656 /* Forms */ = {
			isa = PBXGroup;
			children = (
				F5E772211C225A420084D6E6 /* Task.scope.json */,
				F5BE06B51C111601009EBF0F /* Types.schema.json */,
				F5D143E01BFEC84800F44656 /* Simple.schema.json */,
				F505A5821C03DE2300D6D753 /* Basic.schema.json */,
				F55116CF1C05053C00A8810C /* Simple.form.json */,
				F55116D11C050DD300A8810C /* KitchenSink.schema.json */,
				F53BC7861C2747A80053130B /* KitchenSink.form.json */,
				F55116D31C050E0400A8810C /* All.form.json */,
			);
			path = Forms;
			sourceTree = "<group>";
		};
/* End PBXGroup section */

/* Begin PBXNativeTarget section */
		F52521B01BFAE88D00A2727B /* JSchemaFormExample */ = {
			isa = PBXNativeTarget;
			buildConfigurationList = F52521D91BFAE88D00A2727B /* Build configuration list for PBXNativeTarget "JSchemaFormExample" */;
			buildPhases = (
				55FD330DF376B898B6CA1B5F /* [CP] Check Pods Manifest.lock */,
				F52521AD1BFAE88D00A2727B /* Sources */,
				F52521AE1BFAE88D00A2727B /* Frameworks */,
				F52521AF1BFAE88D00A2727B /* Resources */,
				97BF4E3DF477FAA8B3069450 /* [CP] Embed Pods Frameworks */,
				1C948C69E2D44B36F2ED1EF3 /* [CP] Copy Pods Resources */,
			);
			buildRules = (
			);
			dependencies = (
			);
			name = JSchemaFormExample;
			productName = Example;
			productReference = F52521B11BFAE88D00A2727B /* JSchemaFormExample.app */;
			productType = "com.apple.product-type.application";
		};
		F52521C41BFAE88D00A2727B /* ExampleTests */ = {
			isa = PBXNativeTarget;
			buildConfigurationList = F52521DC1BFAE88D00A2727B /* Build configuration list for PBXNativeTarget "ExampleTests" */;
			buildPhases = (
				F52521C11BFAE88D00A2727B /* Sources */,
				F52521C21BFAE88D00A2727B /* Frameworks */,
				F52521C31BFAE88D00A2727B /* Resources */,
			);
			buildRules = (
			);
			dependencies = (
				F52521C71BFAE88D00A2727B /* PBXTargetDependency */,
			);
			name = ExampleTests;
			productName = ExampleTests;
			productReference = F52521C51BFAE88D00A2727B /* ExampleTests.xctest */;
			productType = "com.apple.product-type.bundle.unit-test";
		};
		F52521CF1BFAE88D00A2727B /* ExampleUITests */ = {
			isa = PBXNativeTarget;
			buildConfigurationList = F52521DF1BFAE88D00A2727B /* Build configuration list for PBXNativeTarget "ExampleUITests" */;
			buildPhases = (
				F52521CC1BFAE88D00A2727B /* Sources */,
				F52521CD1BFAE88D00A2727B /* Frameworks */,
				F52521CE1BFAE88D00A2727B /* Resources */,
			);
			buildRules = (
			);
			dependencies = (
				F52521D21BFAE88D00A2727B /* PBXTargetDependency */,
			);
			name = ExampleUITests;
			productName = ExampleUITests;
			productReference = F52521D01BFAE88D00A2727B /* ExampleUITests.xctest */;
			productType = "com.apple.product-type.bundle.ui-testing";
		};
/* End PBXNativeTarget section */

/* Begin PBXProject section */
		F52521A91BFAE88D00A2727B /* Project object */ = {
			isa = PBXProject;
			attributes = {
				LastSwiftMigration = 0730;
				LastSwiftUpdateCheck = 0710;
				LastUpgradeCheck = 0710;
				ORGANIZATIONNAME = "Andrey Belonogov";
				TargetAttributes = {
					F52521B01BFAE88D00A2727B = {
						CreatedOnToolsVersion = 7.1.1;
					};
					F52521C41BFAE88D00A2727B = {
						CreatedOnToolsVersion = 7.1.1;
						TestTargetID = F52521B01BFAE88D00A2727B;
					};
					F52521CF1BFAE88D00A2727B = {
						CreatedOnToolsVersion = 7.1.1;
						TestTargetID = F52521B01BFAE88D00A2727B;
					};
				};
			};
			buildConfigurationList = F52521AC1BFAE88D00A2727B /* Build configuration list for PBXProject "JSchemaFormExample" */;
			compatibilityVersion = "Xcode 3.2";
			developmentRegion = English;
			hasScannedForEncodings = 0;
			knownRegions = (
				en,
				Base,
			);
			mainGroup = F52521A81BFAE88D00A2727B;
			productRefGroup = F52521B21BFAE88D00A2727B /* Products */;
			projectDirPath = "";
			projectRoot = "";
			targets = (
				F52521B01BFAE88D00A2727B /* JSchemaFormExample */,
				F52521C41BFAE88D00A2727B /* ExampleTests */,
				F52521CF1BFAE88D00A2727B /* ExampleUITests */,
			);
		};
/* End PBXProject section */

/* Begin PBXResourcesBuildPhase section */
		F52521AF1BFAE88D00A2727B /* Resources */ = {
			isa = PBXResourcesBuildPhase;
			buildActionMask = 2147483647;
			files = (
				F55116D41C050E0400A8810C /* All.form.json in Resources */,
				F55116D01C05053C00A8810C /* Simple.form.json in Resources */,
				F5E772221C225A430084D6E6 /* Task.scope.json in Resources */,
				F53BC7871C2747A80053130B /* KitchenSink.form.json in Resources */,
				F5D143D51BFEB5E500F44656 /* Main.storyboard in Resources */,
				F505A5831C03DE2300D6D753 /* Basic.schema.json in Resources */,
				F52521BF1BFAE88D00A2727B /* LaunchScreen.storyboard in Resources */,
				F5BE06B61C111601009EBF0F /* Types.schema.json in Resources */,
				F52521BC1BFAE88D00A2727B /* Assets.xcassets in Resources */,
				F5D143E11BFEC84800F44656 /* Simple.schema.json in Resources */,
				F55116D21C050DD300A8810C /* KitchenSink.schema.json in Resources */,
			);
			runOnlyForDeploymentPostprocessing = 0;
		};
		F52521C31BFAE88D00A2727B /* Resources */ = {
			isa = PBXResourcesBuildPhase;
			buildActionMask = 2147483647;
			files = (
			);
			runOnlyForDeploymentPostprocessing = 0;
		};
		F52521CE1BFAE88D00A2727B /* Resources */ = {
			isa = PBXResourcesBuildPhase;
			buildActionMask = 2147483647;
			files = (
			);
			runOnlyForDeploymentPostprocessing = 0;
		};
/* End PBXResourcesBuildPhase section */

/* Begin PBXShellScriptBuildPhase section */
		1C948C69E2D44B36F2ED1EF3 /* [CP] Copy Pods Resources */ = {
			isa = PBXShellScriptBuildPhase;
			buildActionMask = 2147483647;
			files = (
			);
			inputPaths = (
			);
			name = "[CP] Copy Pods Resources";
			outputPaths = (
			);
			runOnlyForDeploymentPostprocessing = 0;
			shellPath = /bin/sh;
			shellScript = "\"${SRCROOT}/Pods/Target Support Files/Pods-JSchemaFormExample/Pods-JSchemaFormExample-resources.sh\"\n";
			showEnvVarsInLog = 0;
		};
		55FD330DF376B898B6CA1B5F /* [CP] Check Pods Manifest.lock */ = {
			isa = PBXShellScriptBuildPhase;
			buildActionMask = 2147483647;
			files = (
			);
			inputPaths = (
			);
			name = "[CP] Check Pods Manifest.lock";
			outputPaths = (
			);
			runOnlyForDeploymentPostprocessing = 0;
			shellPath = /bin/sh;
			shellScript = "diff \"${PODS_ROOT}/../Podfile.lock\" \"${PODS_ROOT}/Manifest.lock\" > /dev/null\nif [[ $? != 0 ]] ; then\n    cat << EOM\nerror: The sandbox is not in sync with the Podfile.lock. Run 'pod install' or update your CocoaPods installation.\nEOM\n    exit 1\nfi\n";
			showEnvVarsInLog = 0;
		};
		97BF4E3DF477FAA8B3069450 /* [CP] Embed Pods Frameworks */ = {
			isa = PBXShellScriptBuildPhase;
			buildActionMask = 2147483647;
			files = (
			);
			inputPaths = (
			);
			name = "[CP] Embed Pods Frameworks";
			outputPaths = (
			);
			runOnlyForDeploymentPostprocessing = 0;
			shellPath = /bin/sh;
			shellScript = "\"${SRCROOT}/Pods/Target Support Files/Pods-JSchemaFormExample/Pods-JSchemaFormExample-frameworks.sh\"\n";
			showEnvVarsInLog = 0;
		};
/* End PBXShellScriptBuildPhase section */

/* Begin PBXSourcesBuildPhase section */
		F52521AD1BFAE88D00A2727B /* Sources */ = {
			isa = PBXSourcesBuildPhase;
			buildActionMask = 2147483647;
			files = (
				F5D143D61BFEB5E500F44656 /* ViewController.swift in Sources */,
				F52521B51BFAE88D00A2727B /* AppDelegate.swift in Sources */,
				F52578871C10B7FD0012FFD1 /* JSchema.swift in Sources */,
				F52578861C10B7FD0012FFD1 /* JForm.swift in Sources */,
				F54272E91C2F7506004CE3EB /* FormBuilderError.swift in Sources */,
				F5D143D81BFEB5E500F44656 /* FloatLabelTextField.swift in Sources */,
				F52578881C10B7FD0012FFD1 /* JScope.swift in Sources */,
				F5D143DA1BFEBEBA00F44656 /* ResourceFormViewController.swift in Sources */,
				F5E9A8CA1C2F3CC8003328E3 /* ReferenceExpander.swift in Sources */,
				F52578841C10B7FD0012FFD1 /* Field.swift in Sources */,
				F5BB497E1D1A2DEA0046CF18 /* CustomCells.swift in Sources */,
				F52578891C10B7FD0012FFD1 /* JsonHelper.swift in Sources */,
				F52578831C10B7FD0012FFD1 /* Constants.swift in Sources */,
				F52578851C10B7FD0012FFD1 /* FormBuilder.swift in Sources */,
				F5414F361C94CAB400DB4557 /* FormResult.swift in Sources */,
				F500E9B31C2CAB48002CCC2D /* JSchemaFormViewController.swift in Sources */,
			);
			runOnlyForDeploymentPostprocessing = 0;
		};
		F52521C11BFAE88D00A2727B /* Sources */ = {
			isa = PBXSourcesBuildPhase;
			buildActionMask = 2147483647;
			files = (
				F52521CA1BFAE88D00A2727B /* ExampleTests.swift in Sources */,
			);
			runOnlyForDeploymentPostprocessing = 0;
		};
		F52521CC1BFAE88D00A2727B /* Sources */ = {
			isa = PBXSourcesBuildPhase;
			buildActionMask = 2147483647;
			files = (
				F52521D51BFAE88D00A2727B /* ExampleUITests.swift in Sources */,
			);
			runOnlyForDeploymentPostprocessing = 0;
		};
/* End PBXSourcesBuildPhase section */

/* Begin PBXTargetDependency section */
		F52521C71BFAE88D00A2727B /* PBXTargetDependency */ = {
			isa = PBXTargetDependency;
			target = F52521B01BFAE88D00A2727B /* JSchemaFormExample */;
			targetProxy = F52521C61BFAE88D00A2727B /* PBXContainerItemProxy */;
		};
		F52521D21BFAE88D00A2727B /* PBXTargetDependency */ = {
			isa = PBXTargetDependency;
			target = F52521B01BFAE88D00A2727B /* JSchemaFormExample */;
			targetProxy = F52521D11BFAE88D00A2727B /* PBXContainerItemProxy */;
		};
/* End PBXTargetDependency section */

/* Begin PBXVariantGroup section */
		F52521BD1BFAE88D00A2727B /* LaunchScreen.storyboard */ = {
			isa = PBXVariantGroup;
			children = (
				F52521BE1BFAE88D00A2727B /* Base */,
			);
			name = LaunchScreen.storyboard;
			sourceTree = "<group>";
		};
/* End PBXVariantGroup section */

/* Begin XCBuildConfiguration section */
		F52521D71BFAE88D00A2727B /* Debug */ = {
			isa = XCBuildConfiguration;
			buildSettings = {
				ALWAYS_SEARCH_USER_PATHS = NO;
				CLANG_CXX_LANGUAGE_STANDARD = "gnu++0x";
				CLANG_CXX_LIBRARY = "libc++";
				CLANG_ENABLE_MODULES = YES;
				CLANG_ENABLE_OBJC_ARC = YES;
				CLANG_WARN_BOOL_CONVERSION = YES;
				CLANG_WARN_CONSTANT_CONVERSION = YES;
				CLANG_WARN_DIRECT_OBJC_ISA_USAGE = YES_ERROR;
				CLANG_WARN_EMPTY_BODY = YES;
				CLANG_WARN_ENUM_CONVERSION = YES;
				CLANG_WARN_INT_CONVERSION = YES;
				CLANG_WARN_OBJC_ROOT_CLASS = YES_ERROR;
				CLANG_WARN_UNREACHABLE_CODE = YES;
				CLANG_WARN__DUPLICATE_METHOD_MATCH = YES;
				"CODE_SIGN_IDENTITY[sdk=iphoneos*]" = "iPhone Developer";
				COPY_PHASE_STRIP = NO;
				DEBUG_INFORMATION_FORMAT = dwarf;
				ENABLE_STRICT_OBJC_MSGSEND = YES;
				ENABLE_TESTABILITY = YES;
				GCC_C_LANGUAGE_STANDARD = gnu99;
				GCC_DYNAMIC_NO_PIC = NO;
				GCC_NO_COMMON_BLOCKS = YES;
				GCC_OPTIMIZATION_LEVEL = 0;
				GCC_PREPROCESSOR_DEFINITIONS = (
					"DEBUG=1",
					"$(inherited)",
				);
				GCC_WARN_64_TO_32_BIT_CONVERSION = YES;
				GCC_WARN_ABOUT_RETURN_TYPE = YES_ERROR;
				GCC_WARN_UNDECLARED_SELECTOR = YES;
				GCC_WARN_UNINITIALIZED_AUTOS = YES_AGGRESSIVE;
				GCC_WARN_UNUSED_FUNCTION = YES;
				GCC_WARN_UNUSED_VARIABLE = YES;
				IPHONEOS_DEPLOYMENT_TARGET = 8.0;
				MTL_ENABLE_DEBUG_INFO = YES;
				ONLY_ACTIVE_ARCH = YES;
				SDKROOT = iphoneos;
				SWIFT_OPTIMIZATION_LEVEL = "-Onone";
				TARGETED_DEVICE_FAMILY = "1,2";
			};
			name = Debug;
		};
		F52521D81BFAE88D00A2727B /* Release */ = {
			isa = XCBuildConfiguration;
			buildSettings = {
				ALWAYS_SEARCH_USER_PATHS = NO;
				CLANG_CXX_LANGUAGE_STANDARD = "gnu++0x";
				CLANG_CXX_LIBRARY = "libc++";
				CLANG_ENABLE_MODULES = YES;
				CLANG_ENABLE_OBJC_ARC = YES;
				CLANG_WARN_BOOL_CONVERSION = YES;
				CLANG_WARN_CONSTANT_CONVERSION = YES;
				CLANG_WARN_DIRECT_OBJC_ISA_USAGE = YES_ERROR;
				CLANG_WARN_EMPTY_BODY = YES;
				CLANG_WARN_ENUM_CONVERSION = YES;
				CLANG_WARN_INT_CONVERSION = YES;
				CLANG_WARN_OBJC_ROOT_CLASS = YES_ERROR;
				CLANG_WARN_UNREACHABLE_CODE = YES;
				CLANG_WARN__DUPLICATE_METHOD_MATCH = YES;
				"CODE_SIGN_IDENTITY[sdk=iphoneos*]" = "iPhone Developer";
				COPY_PHASE_STRIP = NO;
				DEBUG_INFORMATION_FORMAT = "dwarf-with-dsym";
				ENABLE_NS_ASSERTIONS = NO;
				ENABLE_STRICT_OBJC_MSGSEND = YES;
				GCC_C_LANGUAGE_STANDARD = gnu99;
				GCC_NO_COMMON_BLOCKS = YES;
				GCC_WARN_64_TO_32_BIT_CONVERSION = YES;
				GCC_WARN_ABOUT_RETURN_TYPE = YES_ERROR;
				GCC_WARN_UNDECLARED_SELECTOR = YES;
				GCC_WARN_UNINITIALIZED_AUTOS = YES_AGGRESSIVE;
				GCC_WARN_UNUSED_FUNCTION = YES;
				GCC_WARN_UNUSED_VARIABLE = YES;
				IPHONEOS_DEPLOYMENT_TARGET = 8.0;
				MTL_ENABLE_DEBUG_INFO = NO;
				SDKROOT = iphoneos;
				TARGETED_DEVICE_FAMILY = "1,2";
				VALIDATE_PRODUCT = YES;
			};
			name = Release;
		};
		F52521DA1BFAE88D00A2727B /* Debug */ = {
			isa = XCBuildConfiguration;
			baseConfigurationReference = 276A76F1FCC17828EEB72496 /* Pods-JSchemaFormExample.debug.xcconfig */;
			buildSettings = {
				ASSETCATALOG_COMPILER_APPICON_NAME = AppIcon;
				INFOPLIST_FILE = Example/Info.plist;
				LD_RUNPATH_SEARCH_PATHS = "$(inherited) @executable_path/Frameworks";
				PRODUCT_BUNDLE_IDENTIFIER = StudioRel.Example;
				PRODUCT_NAME = JSchemaFormExample;
			};
			name = Debug;
		};
		F52521DB1BFAE88D00A2727B /* Release */ = {
			isa = XCBuildConfiguration;
			baseConfigurationReference = 625A181A741ED2343D9C1918 /* Pods-JSchemaFormExample.release.xcconfig */;
			buildSettings = {
				ASSETCATALOG_COMPILER_APPICON_NAME = AppIcon;
				INFOPLIST_FILE = Example/Info.plist;
				LD_RUNPATH_SEARCH_PATHS = "$(inherited) @executable_path/Frameworks";
				PRODUCT_BUNDLE_IDENTIFIER = StudioRel.Example;
				PRODUCT_NAME = JSchemaFormExample;
			};
			name = Release;
		};
		F52521DD1BFAE88D00A2727B /* Debug */ = {
			isa = XCBuildConfiguration;
			buildSettings = {
				BUNDLE_LOADER = "$(TEST_HOST)";
				INFOPLIST_FILE = ExampleTests/Info.plist;
				LD_RUNPATH_SEARCH_PATHS = "$(inherited) @executable_path/Frameworks @loader_path/Frameworks";
				PRODUCT_BUNDLE_IDENTIFIER = StudioRel.ExampleTests;
				PRODUCT_NAME = "$(TARGET_NAME)";
				TEST_HOST = "$(BUILT_PRODUCTS_DIR)/Example.app/Example";
			};
			name = Debug;
		};
		F52521DE1BFAE88D00A2727B /* Release */ = {
			isa = XCBuildConfiguration;
			buildSettings = {
				BUNDLE_LOADER = "$(TEST_HOST)";
				INFOPLIST_FILE = ExampleTests/Info.plist;
				LD_RUNPATH_SEARCH_PATHS = "$(inherited) @executable_path/Frameworks @loader_path/Frameworks";
				PRODUCT_BUNDLE_IDENTIFIER = StudioRel.ExampleTests;
				PRODUCT_NAME = "$(TARGET_NAME)";
				TEST_HOST = "$(BUILT_PRODUCTS_DIR)/Example.app/Example";
			};
			name = Release;
		};
		F52521E01BFAE88D00A2727B /* Debug */ = {
			isa = XCBuildConfiguration;
			buildSettings = {
				INFOPLIST_FILE = ExampleUITests/Info.plist;
				LD_RUNPATH_SEARCH_PATHS = "$(inherited) @executable_path/Frameworks @loader_path/Frameworks";
				PRODUCT_BUNDLE_IDENTIFIER = StudioRel.ExampleUITests;
				PRODUCT_NAME = "$(TARGET_NAME)";
				TEST_TARGET_NAME = Example;
				USES_XCTRUNNER = YES;
			};
			name = Debug;
		};
		F52521E11BFAE88D00A2727B /* Release */ = {
			isa = XCBuildConfiguration;
			buildSettings = {
				INFOPLIST_FILE = ExampleUITests/Info.plist;
				LD_RUNPATH_SEARCH_PATHS = "$(inherited) @executable_path/Frameworks @loader_path/Frameworks";
				PRODUCT_BUNDLE_IDENTIFIER = StudioRel.ExampleUITests;
				PRODUCT_NAME = "$(TARGET_NAME)";
				TEST_TARGET_NAME = Example;
				USES_XCTRUNNER = YES;
			};
			name = Release;
		};
/* End XCBuildConfiguration section */

/* Begin XCConfigurationList section */
		F52521AC1BFAE88D00A2727B /* Build configuration list for PBXProject "JSchemaFormExample" */ = {
			isa = XCConfigurationList;
			buildConfigurations = (
				F52521D71BFAE88D00A2727B /* Debug */,
				F52521D81BFAE88D00A2727B /* Release */,
			);
			defaultConfigurationIsVisible = 0;
			defaultConfigurationName = Release;
		};
		F52521D91BFAE88D00A2727B /* Build configuration list for PBXNativeTarget "JSchemaFormExample" */ = {
			isa = XCConfigurationList;
			buildConfigurations = (
				F52521DA1BFAE88D00A2727B /* Debug */,
				F52521DB1BFAE88D00A2727B /* Release */,
			);
			defaultConfigurationIsVisible = 0;
			defaultConfigurationName = Release;
		};
		F52521DC1BFAE88D00A2727B /* Build configuration list for PBXNativeTarget "ExampleTests" */ = {
			isa = XCConfigurationList;
			buildConfigurations = (
				F52521DD1BFAE88D00A2727B /* Debug */,
				F52521DE1BFAE88D00A2727B /* Release */,
			);
			defaultConfigurationIsVisible = 0;
			defaultConfigurationName = Release;
		};
		F52521DF1BFAE88D00A2727B /* Build configuration list for PBXNativeTarget "ExampleUITests" */ = {
			isa = XCConfigurationList;
			buildConfigurations = (
				F52521E01BFAE88D00A2727B /* Debug */,
				F52521E11BFAE88D00A2727B /* Release */,
			);
			defaultConfigurationIsVisible = 0;
			defaultConfigurationName = Release;
		};
/* End XCConfigurationList section */
	};
	rootObject = F52521A91BFAE88D00A2727B /* Project object */;
}
