PODS:
  - Eureka (1.7.0)
  - JSchemaForm (0.4):
    - Eureka (~> 1.7.0)

DEPENDENCIES:
  - JSchemaForm (from `../`)

EXTERNAL SOURCES:
  JSchemaForm:
    :path: ../

SPEC CHECKSUMS:
  Eureka: 2020d9faeef7b7e9adeb9e3d8af779e5931c1897
  JSchemaForm: e5bcc8d0915f633de3ba5026366eebf64f4dbf98

PODFILE CHECKSUM: ecc1ec8a465568bb3fbd09fe4cbc1a587af90a84

COCOAPODS: 1.0.1
